
Microsoft Visual Studio Solution File, Format Version 12.00
# Visual Studio Version 16
VisualStudioVersion = 16.0.32228.343
MinimumVisualStudioVersion = 10.0.40219.1
Project("{FAE04EC0-301F-11D3-BF4B-00C04F79EFBC}") = "U4Lab01-parte2", "U4Lab01-parte2.csproj", "{51AE2948-8987-4E4F-977A-9C42C90D18D3}"
EndProject
Global
	GlobalSection(SolutionConfigurationPlatforms) = preSolution
		Debug|Any CPU = Debug|Any CPU
		Release|Any CPU = Release|Any CPU
	EndGlobalSection
	GlobalSection(ProjectConfigurationPlatforms) = postSolution
		{51AE2948-8987-4E4F-977A-9C42C90D18D3}.Debug|Any CPU.ActiveCfg = Debug|Any CPU
		{51AE2948-8987-4E4F-977A-9C42C90D18D3}.Debug|Any CPU.Build.0 = Debug|Any CPU
		{51AE2948-8987-4E4F-977A-9C42C90D18D3}.Release|Any CPU.ActiveCfg = Release|Any CPU
		{51AE2948-8987-4E4F-977A-9C42C90D18D3}.Release|Any CPU.Build.0 = Release|Any CPU
	EndGlobalSection
	GlobalSection(SolutionProperties) = preSolution
		HideSolutionNode = FALSE
	EndGlobalSection
	GlobalSection(ExtensibilityGlobals) = postSolution
		SolutionGuid = {A0030FB9-AFDA-4651-8EBB-42C60AF0250E}
	EndGlobalSection
EndGlobal
