
Microsoft Visual Studio Solution File, Format Version 12.00
# Visual Studio Version 16
VisualStudioVersion = 16.0.32228.343
MinimumVisualStudioVersion = 10.0.40219.1
Project("{FAE04EC0-301F-11D3-BF4B-00C04F79EFBC}") = "LabClases1", "LabClases1.csproj", "{46801B5C-7454-4023-B546-F9A455F7EDCC}"
EndProject
Project("{FAE04EC0-301F-11D3-BF4B-00C04F79EFBC}") = "Clases", "..\Clases\Clases.csproj", "{4CEDF3F1-27A0-4EB3-A6E2-2FC05B30D86C}"
EndProject
Global
	GlobalSection(SolutionConfigurationPlatforms) = preSolution
		Debug|Any CPU = Debug|Any CPU
		Release|Any CPU = Release|Any CPU
	EndGlobalSection
	GlobalSection(ProjectConfigurationPlatforms) = postSolution
		{46801B5C-7454-4023-B546-F9A455F7EDCC}.Debug|Any CPU.ActiveCfg = Debug|Any CPU
		{46801B5C-7454-4023-B546-F9A455F7EDCC}.Debug|Any CPU.Build.0 = Debug|Any CPU
		{46801B5C-7454-4023-B546-F9A455F7EDCC}.Release|Any CPU.ActiveCfg = Release|Any CPU
		{46801B5C-7454-4023-B546-F9A455F7EDCC}.Release|Any CPU.Build.0 = Release|Any CPU
		{4CEDF3F1-27A0-4EB3-A6E2-2FC05B30D86C}.Debug|Any CPU.ActiveCfg = Debug|Any CPU
		{4CEDF3F1-27A0-4EB3-A6E2-2FC05B30D86C}.Debug|Any CPU.Build.0 = Debug|Any CPU
		{4CEDF3F1-27A0-4EB3-A6E2-2FC05B30D86C}.Release|Any CPU.ActiveCfg = Release|Any CPU
		{4CEDF3F1-27A0-4EB3-A6E2-2FC05B30D86C}.Release|Any CPU.Build.0 = Release|Any CPU
	EndGlobalSection
	GlobalSection(SolutionProperties) = preSolution
		HideSolutionNode = FALSE
	EndGlobalSection
	GlobalSection(ExtensibilityGlobals) = postSolution
		SolutionGuid = {2C16030E-E74E-4584-8682-C1EB616DA71A}
	EndGlobalSection
EndGlobal
