
Microsoft Visual Studio Solution File, Format Version 12.00
# Visual Studio Version 16
VisualStudioVersion = 16.0.32228.343
MinimumVisualStudioVersion = 10.0.40219.1
Project("{FAE04EC0-301F-11D3-BF4B-00C04F79EFBC}") = "U4Lab01", "U4Lab01.csproj", "{1F23212F-FC34-45ED-A78C-C90794E91A19}"
EndProject
Global
	GlobalSection(SolutionConfigurationPlatforms) = preSolution
		Debug|Any CPU = Debug|Any CPU
		Release|Any CPU = Release|Any CPU
	EndGlobalSection
	GlobalSection(ProjectConfigurationPlatforms) = postSolution
		{1F23212F-FC34-45ED-A78C-C90794E91A19}.Debug|Any CPU.ActiveCfg = Debug|Any CPU
		{1F23212F-FC34-45ED-A78C-C90794E91A19}.Debug|Any CPU.Build.0 = Debug|Any CPU
		{1F23212F-FC34-45ED-A78C-C90794E91A19}.Release|Any CPU.ActiveCfg = Release|Any CPU
		{1F23212F-FC34-45ED-A78C-C90794E91A19}.Release|Any CPU.Build.0 = Release|Any CPU
	EndGlobalSection
	GlobalSection(SolutionProperties) = preSolution
		HideSolutionNode = FALSE
	EndGlobalSection
	GlobalSection(ExtensibilityGlobals) = postSolution
		SolutionGuid = {7706F5D6-8312-458B-912E-8CB40C4B9C83}
	EndGlobalSection
EndGlobal
